// !$*UTF8*$!
{
	archiveVersion = 1;
	classes = {
	};
	objectVersion = 50;
	objects = {

/* Begin PBXBuildFile section */
		80D1FC6A24D54622009858E4 /* AppDelegate.swift in Sources */ = {isa = PBXBuildFile; fileRef = 80D1FC6924D54622009858E4 /* AppDelegate.swift */; };
		80D1FC6C24D54622009858E4 /* SceneDelegate.swift in Sources */ = {isa = PBXBuildFile; fileRef = 80D1FC6B24D54622009858E4 /* SceneDelegate.swift */; };
		80D1FC6E24D54622009858E4 /* ViewController.swift in Sources */ = {isa = PBXBuildFile; fileRef = 80D1FC6D24D54622009858E4 /* ViewController.swift */; };
		80D1FC7124D54622009858E4 /* Main.storyboard in Resources */ = {isa = PBXBuildFile; fileRef = 80D1FC6F24D54622009858E4 /* Main.storyboard */; };
		80D1FC7324D54623009858E4 /* Assets.xcassets in Resources */ = {isa = PBXBuildFile; fileRef = 80D1FC7224D54623009858E4 /* Assets.xcassets */; };
		80D1FC7624D54623009858E4 /* LaunchScreen.storyboard in Resources */ = {isa = PBXBuildFile; fileRef = 80D1FC7424D54623009858E4 /* LaunchScreen.storyboard */; };
		80D1FC8124D54623009858E4 /* tipTests.swift in Sources */ = {isa = PBXBuildFile; fileRef = 80D1FC8024D54623009858E4 /* tipTests.swift */; };
		80D1FC8C24D54623009858E4 /* tipUITests.swift in Sources */ = {isa = PBXBuildFile; fileRef = 80D1FC8B24D54623009858E4 /* tipUITests.swift */; };
/* End PBXBuildFile section */

/* Begin PBXContainerItemProxy section */
		80D1FC7D24D54623009858E4 /* PBXContainerItemProxy */ = {
			isa = PBXContainerItemProxy;
			containerPortal = 80D1FC5E24D54622009858E4 /* Project object */;
			proxyType = 1;
			remoteGlobalIDString = 80D1FC6524D54622009858E4;
			remoteInfo = tip;
		};
		80D1FC8824D54623009858E4 /* PBXContainerItemProxy */ = {
			isa = PBXContainerItemProxy;
			containerPortal = 80D1FC5E24D54622009858E4 /* Project object */;
			proxyType = 1;
			remoteGlobalIDString = 80D1FC6524D54622009858E4;
			remoteInfo = tip;
		};
/* End PBXContainerItemProxy section */

/* Begin PBXFileReference section */
		80D1FC6624D54622009858E4 /* tip.app */ = {isa = PBXFileReference; explicitFileType = wrapper.application; includeInIndex = 0; path = tip.app; sourceTree = BUILT_PRODUCTS_DIR; };
		80D1FC6924D54622009858E4 /* AppDelegate.swift */ = {isa = PBXFileReference; lastKnownFileType = sourcecode.swift; path = AppDelegate.swift; sourceTree = "<group>"; };
		80D1FC6B24D54622009858E4 /* SceneDelegate.swift */ = {isa = PBXFileReference; lastKnownFileType = sourcecode.swift; path = SceneDelegate.swift; sourceTree = "<group>"; };
		80D1FC6D24D54622009858E4 /* ViewController.swift */ = {isa = PBXFileReference; lastKnownFileType = sourcecode.swift; path = ViewController.swift; sourceTree = "<group>"; };
		80D1FC7024D54622009858E4 /* Base */ = {isa = PBXFileReference; lastKnownFileType = file.storyboard; name = Base; path = Base.lproj/Main.storyboard; sourceTree = "<group>"; };
		80D1FC7224D54623009858E4 /* Assets.xcassets */ = {isa = PBXFileReference; lastKnownFileType = folder.assetcatalog; path = Assets.xcassets; sourceTree = "<group>"; };
		80D1FC7524D54623009858E4 /* Base */ = {isa = PBXFileReference; lastKnownFileType = file.storyboard; name = Base; path = Base.lproj/LaunchScreen.storyboard; sourceTree = "<group>"; };
		80D1FC7724D54623009858E4 /* Info.plist */ = {isa = PBXFileReference; lastKnownFileType = text.plist.xml; path = Info.plist; sourceTree = "<group>"; };
		80D1FC7C24D54623009858E4 /* tipTests.xctest */ = {isa = PBXFileReference; explicitFileType = wrapper.cfbundle; includeInIndex = 0; path = tipTests.xctest; sourceTree = BUILT_PRODUCTS_DIR; };
		80D1FC8024D54623009858E4 /* tipTests.swift */ = {isa = PBXFileReference; lastKnownFileType = sourcecode.swift; path = tipTests.swift; sourceTree = "<group>"; };
		80D1FC8224D54623009858E4 /* Info.plist */ = {isa = PBXFileReference; lastKnownFileType = text.plist.xml; path = Info.plist; sourceTree = "<group>"; };
		80D1FC8724D54623009858E4 /* tipUITests.xctest */ = {isa = PBXFileReference; explicitFileType = wrapper.cfbundle; includeInIndex = 0; path = tipUITests.xctest; sourceTree = BUILT_PRODUCTS_DIR; };
		80D1FC8B24D54623009858E4 /* tipUITests.swift */ = {isa = PBXFileReference; lastKnownFileType = sourcecode.swift; path = tipUITests.swift; sourceTree = "<group>"; };
		80D1FC8D24D54623009858E4 /* Info.plist */ = {isa = PBXFileReference; lastKnownFileType = text.plist.xml; path = Info.plist; sourceTree = "<group>"; };
/* End PBXFileReference section */

/* Begin PBXFrameworksBuildPhase section */
		80D1FC6324D54622009858E4 /* Frameworks */ = {
			isa = PBXFrameworksBuildPhase;
			buildActionMask = 2147483647;
			files = (
			);
			runOnlyForDeploymentPostprocessing = 0;
		};
		80D1FC7924D54623009858E4 /* Frameworks */ = {
			isa = PBXFrameworksBuildPhase;
			buildActionMask = 2147483647;
			files = (
			);
			runOnlyForDeploymentPostprocessing = 0;
		};
		80D1FC8424D54623009858E4 /* Frameworks */ = {
			isa = PBXFrameworksBuildPhase;
			buildActionMask = 2147483647;
			files = (
			);
			runOnlyForDeploymentPostprocessing = 0;
		};
/* End PBXFrameworksBuildPhase section */

/* Begin PBXGroup section */
		80D1FC5D24D54622009858E4 = {
			isa = PBXGroup;
			children = (
				80D1FC6824D54622009858E4 /* tip */,
				80D1FC7F24D54623009858E4 /* tipTests */,
				80D1FC8A24D54623009858E4 /* tipUITests */,
				80D1FC6724D54622009858E4 /* Products */,
			);
			sourceTree = "<group>";
		};
		80D1FC6724D54622009858E4 /* Products */ = {
			isa = PBXGroup;
			children = (
				80D1FC6624D54622009858E4 /* tip.app */,
				80D1FC7C24D54623009858E4 /* tipTests.xctest */,
				80D1FC8724D54623009858E4 /* tipUITests.xctest */,
			);
			name = Products;
			sourceTree = "<group>";
		};
		80D1FC6824D54622009858E4 /* tip */ = {
			isa = PBXGroup;
			children = (
				80D1FC6924D54622009858E4 /* AppDelegate.swift */,
				80D1FC6B24D54622009858E4 /* SceneDelegate.swift */,
				80D1FC6D24D54622009858E4 /* ViewController.swift */,
				80D1FC6F24D54622009858E4 /* Main.storyboard */,
				80D1FC7224D54623009858E4 /* Assets.xcassets */,
				80D1FC7424D54623009858E4 /* LaunchScreen.storyboard */,
				80D1FC7724D54623009858E4 /* Info.plist */,
			);
			path = tip;
			sourceTree = "<group>";
		};
		80D1FC7F24D54623009858E4 /* tipTests */ = {
			isa = PBXGroup;
			children = (
				80D1FC8024D54623009858E4 /* tipTests.swift */,
				80D1FC8224D54623009858E4 /* Info.plist */,
			);
			path = tipTests;
			sourceTree = "<group>";
		};
		80D1FC8A24D54623009858E4 /* tipUITests */ = {
			isa = PBXGroup;
			children = (
				80D1FC8B24D54623009858E4 /* tipUITests.swift */,
				80D1FC8D24D54623009858E4 /* Info.plist */,
			);
			path = tipUITests;
			sourceTree = "<group>";
		};
/* End PBXGroup section */

/* Begin PBXNativeTarget section */
		80D1FC6524D54622009858E4 /* tip */ = {
			isa = PBXNativeTarget;
			buildConfigurationList = 80D1FC9024D54623009858E4 /* Build configuration list for PBXNativeTarget "tip" */;
			buildPhases = (
				80D1FC6224D54622009858E4 /* Sources */,
				80D1FC6324D54622009858E4 /* Frameworks */,
				80D1FC6424D54622009858E4 /* Resources */,
			);
			buildRules = (
			);
			dependencies = (
			);
			name = tip;
			productName = tip;
			productReference = 80D1FC6624D54622009858E4 /* tip.app */;
			productType = "com.apple.product-type.application";
		};
		80D1FC7B24D54623009858E4 /* tipTests */ = {
			isa = PBXNativeTarget;
			buildConfigurationList = 80D1FC9324D54623009858E4 /* Build configuration list for PBXNativeTarget "tipTests" */;
			buildPhases = (
				80D1FC7824D54623009858E4 /* Sources */,
				80D1FC7924D54623009858E4 /* Frameworks */,
				80D1FC7A24D54623009858E4 /* Resources */,
			);
			buildRules = (
			);
			dependencies = (
				80D1FC7E24D54623009858E4 /* PBXTargetDependency */,
			);
			name = tipTests;
			productName = tipTests;
			productReference = 80D1FC7C24D54623009858E4 /* tipTests.xctest */;
			productType = "com.apple.product-type.bundle.unit-test";
		};
		80D1FC8624D54623009858E4 /* tipUITests */ = {
			isa = PBXNativeTarget;
			buildConfigurationList = 80D1FC9624D54623009858E4 /* Build configuration list for PBXNativeTarget "tipUITests" */;
			buildPhases = (
				80D1FC8324D54623009858E4 /* Sources */,
				80D1FC8424D54623009858E4 /* Frameworks */,
				80D1FC8524D54623009858E4 /* Resources */,
			);
			buildRules = (
			);
			dependencies = (
				80D1FC8924D54623009858E4 /* PBXTargetDependency */,
			);
			name = tipUITests;
			productName = tipUITests;
			productReference = 80D1FC8724D54623009858E4 /* tipUITests.xctest */;
			productType = "com.apple.product-type.bundle.ui-testing";
		};
/* End PBXNativeTarget section */

/* Begin PBXProject section */
		80D1FC5E24D54622009858E4 /* Project object */ = {
			isa = PBXProject;
			attributes = {
				LastSwiftUpdateCheck = 1160;
				LastUpgradeCheck = 1160;
				ORGANIZATIONNAME = Codepath;
				TargetAttributes = {
					80D1FC6524D54622009858E4 = {
						CreatedOnToolsVersion = 11.6;
					};
					80D1FC7B24D54623009858E4 = {
						CreatedOnToolsVersion = 11.6;
						TestTargetID = 80D1FC6524D54622009858E4;
					};
					80D1FC8624D54623009858E4 = {
						CreatedOnToolsVersion = 11.6;
						TestTargetID = 80D1FC6524D54622009858E4;
					};
				};
			};
			buildConfigurationList = 80D1FC6124D54622009858E4 /* Build configuration list for PBXProject "tip" */;
			compatibilityVersion = "Xcode 9.3";
			developmentRegion = en;
			hasScannedForEncodings = 0;
			knownRegions = (
				en,
				Base,
			);
			mainGroup = 80D1FC5D24D54622009858E4;
			productRefGroup = 80D1FC6724D54622009858E4 /* Products */;
			projectDirPath = "";
			projectRoot = "";
			targets = (
				80D1FC6524D54622009858E4 /* tip */,
				80D1FC7B24D54623009858E4 /* tipTests */,
				80D1FC8624D54623009858E4 /* tipUITests */,
			);
		};
/* End PBXProject section */

/* Begin PBXResourcesBuildPhase section */
		80D1FC6424D54622009858E4 /* Resources */ = {
			isa = PBXResourcesBuildPhase;
			buildActionMask = 2147483647;
			files = (
				80D1FC7624D54623009858E4 /* LaunchScreen.storyboard in Resources */,
				80D1FC7324D54623009858E4 /* Assets.xcassets in Resources */,
				80D1FC7124D54622009858E4 /* Main.storyboard in Resources */,
			);
			runOnlyForDeploymentPostprocessing = 0;
		};
		80D1FC7A24D54623009858E4 /* Resources */ = {
			isa = PBXResourcesBuildPhase;
			buildActionMask = 2147483647;
			files = (
			);
			runOnlyForDeploymentPostprocessing = 0;
		};
		80D1FC8524D54623009858E4 /* Resources */ = {
			isa = PBXResourcesBuildPhase;
			buildActionMask = 2147483647;
			files = (
			);
			runOnlyForDeploymentPostprocessing = 0;
		};
/* End PBXResourcesBuildPhase section */

/* Begin PBXSourcesBuildPhase section */
		80D1FC6224D54622009858E4 /* Sources */ = {
			isa = PBXSourcesBuildPhase;
			buildActionMask = 2147483647;
			files = (
				80D1FC6E24D54622009858E4 /* ViewController.swift in Sources */,
				80D1FC6A24D54622009858E4 /* AppDelegate.swift in Sources */,
				80D1FC6C24D54622009858E4 /* SceneDelegate.swift in Sources */,
			);
			runOnlyForDeploymentPostprocessing = 0;
		};
		80D1FC7824D54623009858E4 /* Sources */ = {
			isa = PBXSourcesBuildPhase;
			buildActionMask = 2147483647;
			files = (
				80D1FC8124D54623009858E4 /* tipTests.swift in Sources */,
			);
			runOnlyForDeploymentPostprocessing = 0;
		};
		80D1FC8324D54623009858E4 /* Sources */ = {
			isa = PBXSourcesBuildPhase;
			buildActionMask = 2147483647;
			files = (
				80D1FC8C24D54623009858E4 /* tipUITests.swift in Sources */,
			);
			runOnlyForDeploymentPostprocessing = 0;
		};
/* End PBXSourcesBuildPhase section */

/* Begin PBXTargetDependency section */
		80D1FC7E24D54623009858E4 /* PBXTargetDependency */ = {
			isa = PBXTargetDependency;
			target = 80D1FC6524D54622009858E4 /* tip */;
			targetProxy = 80D1FC7D24D54623009858E4 /* PBXContainerItemProxy */;
		};
		80D1FC8924D54623009858E4 /* PBXTargetDependency */ = {
			isa = PBXTargetDependency;
			target = 80D1FC6524D54622009858E4 /* tip */;
			targetProxy = 80D1FC8824D54623009858E4 /* PBXContainerItemProxy */;
		};
/* End PBXTargetDependency section */

/* Begin PBXVariantGroup section */
		80D1FC6F24D54622009858E4 /* Main.storyboard */ = {
			isa = PBXVariantGroup;
			children = (
				80D1FC7024D54622009858E4 /* Base */,
			);
			name = Main.storyboard;
			sourceTree = "<group>";
		};
		80D1FC7424D54623009858E4 /* LaunchScreen.storyboard */ = {
			isa = PBXVariantGroup;
			children = (
				80D1FC7524D54623009858E4 /* Base */,
			);
			name = LaunchScreen.storyboard;
			sourceTree = "<group>";
		};
/* End PBXVariantGroup section */

/* Begin XCBuildConfiguration section */
		80D1FC8E24D54623009858E4 /* Debug */ = {
			isa = XCBuildConfiguration;
			buildSettings = {
				ALWAYS_SEARCH_USER_PATHS = NO;
				CLANG_ANALYZER_NONNULL = YES;
				CLANG_ANALYZER_NUMBER_OBJECT_CONVERSION = YES_AGGRESSIVE;
				CLANG_CXX_LANGUAGE_STANDARD = "gnu++14";
				CLANG_CXX_LIBRARY = "libc++";
				CLANG_ENABLE_MODULES = YES;
				CLANG_ENABLE_OBJC_ARC = YES;
				CLANG_ENABLE_OBJC_WEAK = YES;
				CLANG_WARN_BLOCK_CAPTURE_AUTORELEASING = YES;
				CLANG_WARN_BOOL_CONVERSION = YES;
				CLANG_WARN_COMMA = YES;
				CLANG_WARN_CONSTANT_CONVERSION = YES;
				CLANG_WARN_DEPRECATED_OBJC_IMPLEMENTATIONS = YES;
				CLANG_WARN_DIRECT_OBJC_ISA_USAGE = YES_ERROR;
				CLANG_WARN_DOCUMENTATION_COMMENTS = YES;
				CLANG_WARN_EMPTY_BODY = YES;
				CLANG_WARN_ENUM_CONVERSION = YES;
				CLANG_WARN_INFINITE_RECURSION = YES;
				CLANG_WARN_INT_CONVERSION = YES;
				CLANG_WARN_NON_LITERAL_NULL_CONVERSION = YES;
				CLANG_WARN_OBJC_IMPLICIT_RETAIN_SELF = YES;
				CLANG_WARN_OBJC_LITERAL_CONVERSION = YES;
				CLANG_WARN_OBJC_ROOT_CLASS = YES_ERROR;
				CLANG_WARN_RANGE_LOOP_ANALYSIS = YES;
				CLANG_WARN_STRICT_PROTOTYPES = YES;
				CLANG_WARN_SUSPICIOUS_MOVE = YES;
				CLANG_WARN_UNGUARDED_AVAILABILITY = YES_AGGRESSIVE;
				CLANG_WARN_UNREACHABLE_CODE = YES;
				CLANG_WARN__DUPLICATE_METHOD_MATCH = YES;
				COPY_PHASE_STRIP = NO;
				DEBUG_INFORMATION_FORMAT = dwarf;
				ENABLE_STRICT_OBJC_MSGSEND = YES;
				ENABLE_TESTABILITY = YES;
				GCC_C_LANGUAGE_STANDARD = gnu11;
				GCC_DYNAMIC_NO_PIC = NO;
				GCC_NO_COMMON_BLOCKS = YES;
				GCC_OPTIMIZATION_LEVEL = 0;
				GCC_PREPROCESSOR_DEFINITIONS = (
					"DEBUG=1",
					"$(inherited)",
				);
				GCC_WARN_64_TO_32_BIT_CONVERSION = YES;
				GCC_WARN_ABOUT_RETURN_TYPE = YES_ERROR;
				GCC_WARN_UNDECLARED_SELECTOR = YES;
				GCC_WARN_UNINITIALIZED_AUTOS = YES_AGGRESSIVE;
				GCC_WARN_UNUSED_FUNCTION = YES;
				GCC_WARN_UNUSED_VARIABLE = YES;
				IPHONEOS_DEPLOYMENT_TARGET = 13.6;
				MTL_ENABLE_DEBUG_INFO = INCLUDE_SOURCE;
				MTL_FAST_MATH = YES;
				ONLY_ACTIVE_ARCH = YES;
				SDKROOT = iphoneos;
				SWIFT_ACTIVE_COMPILATION_CONDITIONS = DEBUG;
				SWIFT_OPTIMIZATION_LEVEL = "-Onone";
			};
			name = Debug;
		};
		80D1FC8F24D54623009858E4 /* Release */ = {
			isa = XCBuildConfiguration;
			buildSettings = {
				ALWAYS_SEARCH_USER_PATHS = NO;
				CLANG_ANALYZER_NONNULL = YES;
				CLANG_ANALYZER_NUMBER_OBJECT_CONVERSION = YES_AGGRESSIVE;
				CLANG_CXX_LANGUAGE_STANDARD = "gnu++14";
				CLANG_CXX_LIBRARY = "libc++";
				CLANG_ENABLE_MODULES = YES;
				CLANG_ENABLE_OBJC_ARC = YES;
				CLANG_ENABLE_OBJC_WEAK = YES;
				CLANG_WARN_BLOCK_CAPTURE_AUTORELEASING = YES;
				CLANG_WARN_BOOL_CONVERSION = YES;
				CLANG_WARN_COMMA = YES;
				CLANG_WARN_CONSTANT_CONVERSION = YES;
				CLANG_WARN_DEPRECATED_OBJC_IMPLEMENTATIONS = YES;
				CLANG_WARN_DIRECT_OBJC_ISA_USAGE = YES_ERROR;
				CLANG_WARN_DOCUMENTATION_COMMENTS = YES;
				CLANG_WARN_EMPTY_BODY = YES;
				CLANG_WARN_ENUM_CONVERSION = YES;
				CLANG_WARN_INFINITE_RECURSION = YES;
				CLANG_WARN_INT_CONVERSION = YES;
				CLANG_WARN_NON_LITERAL_NULL_CONVERSION = YES;
				CLANG_WARN_OBJC_IMPLICIT_RETAIN_SELF = YES;
				CLANG_WARN_OBJC_LITERAL_CONVERSION = YES;
				CLANG_WARN_OBJC_ROOT_CLASS = YES_ERROR;
				CLANG_WARN_RANGE_LOOP_ANALYSIS = YES;
				CLANG_WARN_STRICT_PROTOTYPES = YES;
				CLANG_WARN_SUSPICIOUS_MOVE = YES;
				CLANG_WARN_UNGUARDED_AVAILABILITY = YES_AGGRESSIVE;
				CLANG_WARN_UNREACHABLE_CODE = YES;
				CLANG_WARN__DUPLICATE_METHOD_MATCH = YES;
				COPY_PHASE_STRIP = NO;
				DEBUG_INFORMATION_FORMAT = "dwarf-with-dsym";
				ENABLE_NS_ASSERTIONS = NO;
				ENABLE_STRICT_OBJC_MSGSEND = YES;
				GCC_C_LANGUAGE_STANDARD = gnu11;
				GCC_NO_COMMON_BLOCKS = YES;
				GCC_WARN_64_TO_32_BIT_CONVERSION = YES;
				GCC_WARN_ABOUT_RETURN_TYPE = YES_ERROR;
				GCC_WARN_UNDECLARED_SELECTOR = YES;
				GCC_WARN_UNINITIALIZED_AUTOS = YES_AGGRESSIVE;
				GCC_WARN_UNUSED_FUNCTION = YES;
				GCC_WARN_UNUSED_VARIABLE = YES;
				IPHONEOS_DEPLOYMENT_TARGET = 13.6;
				MTL_ENABLE_DEBUG_INFO = NO;
				MTL_FAST_MATH = YES;
				SDKROOT = iphoneos;
				SWIFT_COMPILATION_MODE = wholemodule;
				SWIFT_OPTIMIZATION_LEVEL = "-O";
				VALIDATE_PRODUCT = YES;
			};
			name = Release;
		};
		80D1FC9124D54623009858E4 /* Debug */ = {
			isa = XCBuildConfiguration;
			buildSettings = {
				ASSETCATALOG_COMPILER_APPICON_NAME = AppIcon;
				CODE_SIGN_STYLE = Automatic;
				INFOPLIST_FILE = tip/Info.plist;
				LD_RUNPATH_SEARCH_PATHS = (
					"$(inherited)",
					"@executable_path/Frameworks",
				);
				PRODUCT_BUNDLE_IDENTIFIER = Codepath.tip;
				PRODUCT_NAME = "$(TARGET_NAME)";
				SWIFT_VERSION = 5.0;
				TARGETED_DEVICE_FAMILY = "1,2";
			};
			name = Debug;
		};
		80D1FC9224D54623009858E4 /* Release */ = {
			isa = XCBuildConfiguration;
			buildSettings = {
				ASSETCATALOG_COMPILER_APPICON_NAME = AppIcon;
				CODE_SIGN_STYLE = Automatic;
				INFOPLIST_FILE = tip/Info.plist;
				LD_RUNPATH_SEARCH_PATHS = (
					"$(inherited)",
					"@executable_path/Frameworks",
				);
				PRODUCT_BUNDLE_IDENTIFIER = Codepath.tip;
				PRODUCT_NAME = "$(TARGET_NAME)";
				SWIFT_VERSION = 5.0;
				TARGETED_DEVICE_FAMILY = "1,2";
			};
			name = Release;
		};
		80D1FC9424D54623009858E4 /* Debug */ = {
			isa = XCBuildConfiguration;
			buildSettings = {
				ALWAYS_EMBED_SWIFT_STANDARD_LIBRARIES = YES;
				BUNDLE_LOADER = "$(TEST_HOST)";
				CODE_SIGN_STYLE = Automatic;
				INFOPLIST_FILE = tipTests/Info.plist;
				IPHONEOS_DEPLOYMENT_TARGET = 13.6;
				LD_RUNPATH_SEARCH_PATHS = (
					"$(inherited)",
					"@executable_path/Frameworks",
					"@loader_path/Frameworks",
				);
				PRODUCT_BUNDLE_IDENTIFIER = Codepath.tipTests;
				PRODUCT_NAME = "$(TARGET_NAME)";
				SWIFT_VERSION = 5.0;
				TARGETED_DEVICE_FAMILY = "1,2";
				TEST_HOST = "$(BUILT_PRODUCTS_DIR)/tip.app/tip";
			};
			name = Debug;
		};
		80D1FC9524D54623009858E4 /* Release */ = {
			isa = XCBuildConfiguration;
			buildSettings = {
				ALWAYS_EMBED_SWIFT_STANDARD_LIBRARIES = YES;
				BUNDLE_LOADER = "$(TEST_HOST)";
				CODE_SIGN_STYLE = Automatic;
				INFOPLIST_FILE = tipTests/Info.plist;
				IPHONEOS_DEPLOYMENT_TARGET = 13.6;
				LD_RUNPATH_SEARCH_PATHS = (
					"$(inherited)",
					"@executable_path/Frameworks",
					"@loader_path/Frameworks",
				);
				PRODUCT_BUNDLE_IDENTIFIER = Codepath.tipTests;
				PRODUCT_NAME = "$(TARGET_NAME)";
				SWIFT_VERSION = 5.0;
				TARGETED_DEVICE_FAMILY = "1,2";
				TEST_HOST = "$(BUILT_PRODUCTS_DIR)/tip.app/tip";
			};
			name = Release;
		};
		80D1FC9724D54623009858E4 /* Debug */ = {
			isa = XCBuildConfiguration;
			buildSettings = {
				ALWAYS_EMBED_SWIFT_STANDARD_LIBRARIES = YES;
				CODE_SIGN_STYLE = Automatic;
				INFOPLIST_FILE = tipUITests/Info.plist;
				LD_RUNPATH_SEARCH_PATHS = (
					"$(inherited)",
					"@executable_path/Frameworks",
					"@loader_path/Frameworks",
				);
				PRODUCT_BUNDLE_IDENTIFIER = Codepath.tipUITests;
				PRODUCT_NAME = "$(TARGET_NAME)";
				SWIFT_VERSION = 5.0;
				TARGETED_DEVICE_FAMILY = "1,2";
				TEST_TARGET_NAME = tip;
			};
			name = Debug;
		};
		80D1FC9824D54623009858E4 /* Release */ = {
			isa = XCBuildConfiguration;
			buildSettings = {
				ALWAYS_EMBED_SWIFT_STANDARD_LIBRARIES = YES;
				CODE_SIGN_STYLE = Automatic;
				INFOPLIST_FILE = tipUITests/Info.plist;
				LD_RUNPATH_SEARCH_PATHS = (
					"$(inherited)",
					"@executable_path/Frameworks",
					"@loader_path/Frameworks",
				);
				PRODUCT_BUNDLE_IDENTIFIER = Codepath.tipUITests;
				PRODUCT_NAME = "$(TARGET_NAME)";
				SWIFT_VERSION = 5.0;
				TARGETED_DEVICE_FAMILY = "1,2";
				TEST_TARGET_NAME = tip;
			};
			name = Release;
		};
/* End XCBuildConfiguration section */

/* Begin XCConfigurationList section */
		80D1FC6124D54622009858E4 /* Build configuration list for PBXProject "tip" */ = {
			isa = XCConfigurationList;
			buildConfigurations = (
				80D1FC8E24D54623009858E4 /* Debug */,
				80D1FC8F24D54623009858E4 /* Release */,
			);
			defaultConfigurationIsVisible = 0;
			defaultConfigurationName = Release;
		};
		80D1FC9024D54623009858E4 /* Build configuration list for PBXNativeTarget "tip" */ = {
			isa = XCConfigurationList;
			buildConfigurations = (
				80D1FC9124D54623009858E4 /* Debug */,
				80D1FC9224D54623009858E4 /* Release */,
			);
			defaultConfigurationIsVisible = 0;
			defaultConfigurationName = Release;
		};
		80D1FC9324D54623009858E4 /* Build configuration list for PBXNativeTarget "tipTests" */ = {
			isa = XCConfigurationList;
			buildConfigurations = (
				80D1FC9424D54623009858E4 /* Debug */,
				80D1FC9524D54623009858E4 /* Release */,
			);
			defaultConfigurationIsVisible = 0;
			defaultConfigurationName = Release;
		};
		80D1FC9624D54623009858E4 /* Build configuration list for PBXNativeTarget "tipUITests" */ = {
			isa = XCConfigurationList;
			buildConfigurations = (
				80D1FC9724D54623009858E4 /* Debug */,
				80D1FC9824D54623009858E4 /* Release */,
			);
			defaultConfigurationIsVisible = 0;
			defaultConfigurationName = Release;
		};
/* End XCConfigurationList section */
	};
	rootObject = 80D1FC5E24D54622009858E4 /* Project object */;
}
